// !$*UTF8*$!
{
	archiveVersion = 1;
	classes = {
	};
	objectVersion = 46;
	objects = {

/* Begin PBXBuildFile section */
		12242AA520C1BAF400B28377 /* multipath_kfree.c in Sources */ = {isa = PBXBuildFile; fileRef = 12242AA120C1BAF300B28377 /* multipath_kfree.c */; };
		12242AA620C1BAF400B28377 /* extra_recipe_utils.c in Sources */ = {isa = PBXBuildFile; fileRef = 12242AA220C1BAF300B28377 /* extra_recipe_utils.c */; };
		B0F37BC81E361EAE00179E85 /* Assets.xcassets in Resources */ = {isa = PBXBuildFile; fileRef = B0F37BC71E361EAE00179E85 /* Assets.xcassets */; };
		B0F37BD51E361FCC00179E85 /* jailbreak.c in Sources */ = {isa = PBXBuildFile; fileRef = B0F37BD31E361FCC00179E85 /* jailbreak.c */; };
		B0F37BDE1E37AC0700179E85 /* load_regs_and_crash.s in Sources */ = {isa = PBXBuildFile; fileRef = B0F37BDD1E37AC0700179E85 /* load_regs_and_crash.s */; };
		EA052CE820C2E892000FB719 /* remountrootfs.c in Sources */ = {isa = PBXBuildFile; fileRef = EA052CE620C2E892000FB719 /* remountrootfs.c */; };
		EA052CF120C35200000FB719 /* ViewController.m in Sources */ = {isa = PBXBuildFile; fileRef = EA052CF020C351F0000FB719 /* ViewController.m */; };
		EA052CF220C3520A000FB719 /* AppDelegate.m in Sources */ = {isa = PBXBuildFile; fileRef = EA052CEE20C351E4000FB719 /* AppDelegate.m */; };
		EA05336520C2D554003D43FC /* offsets.m in Sources */ = {isa = PBXBuildFile; fileRef = EA05336420C2D554003D43FC /* offsets.m */; };
		EA05336E20C2D561003D43FC /* Main.storyboard in Resources */ = {isa = PBXBuildFile; fileRef = EA05336D20C2D561003D43FC /* Main.storyboard */; };
		EA05337020C2D561003D43FC /* LaunchScreen.storyboard in Resources */ = {isa = PBXBuildFile; fileRef = EA05336F20C2D561003D43FC /* LaunchScreen.storyboard */; };
		EA05337220C2D561003D43FC /* main.m in Sources */ = {isa = PBXBuildFile; fileRef = EA05337120C2D561003D43FC /* main.m */; };
		EA28D8FA20C58438003372D6 /* sha1.o in Frameworks */ = {isa = PBXBuildFile; fileRef = 1260990A20C2C9670095B5C1 /* sha1.o */; };
		EA28D8FB20C58438003372D6 /* sha256.o in Frameworks */ = {isa = PBXBuildFile; fileRef = 1260990820C2C9670095B5C1 /* sha256.o */; };
		EA28D8FC20C58441003372D6 /* qilin_tfp0less.o in Frameworks */ = {isa = PBXBuildFile; fileRef = 1260990920C2C9670095B5C1 /* qilin_tfp0less.o */; };
		EA28DB0B20C585F1003372D6 /* iosbinpack64 in Resources */ = {isa = PBXBuildFile; fileRef = EA28DB0A20C585F1003372D6 /* iosbinpack64 */; };
		EA28DB0D20C58808003372D6 /* libmtftp.dylib in Frameworks */ = {isa = PBXBuildFile; fileRef = EA28DB0C20C58808003372D6 /* libmtftp.dylib */; };
		EA28DB1020C58932003372D6 /* libiconv.2.4.0.tbd in Frameworks */ = {isa = PBXBuildFile; fileRef = EA28DB0F20C58932003372D6 /* libiconv.2.4.0.tbd */; };
/* End PBXBuildFile section */

/* Begin PBXFileReference section */
		12242A8A20C1B84900B28377 /* extra_recipe.entitlements */ = {isa = PBXFileReference; lastKnownFileType = text.plist.entitlements; name = extra_recipe.entitlements; path = extra_recipe/extra_recipe.entitlements; sourceTree = SOURCE_ROOT; };
		12242AA120C1BAF300B28377 /* multipath_kfree.c */ = {isa = PBXFileReference; fileEncoding = 4; lastKnownFileType = sourcecode.c.c; path = multipath_kfree.c; sourceTree = "<group>"; };
		12242AA220C1BAF300B28377 /* extra_recipe_utils.c */ = {isa = PBXFileReference; fileEncoding = 4; lastKnownFileType = sourcecode.c.c; path = extra_recipe_utils.c; sourceTree = "<group>"; };
		12242AA320C1BAF300B28377 /* extra_recipe_utils.h */ = {isa = PBXFileReference; fileEncoding = 4; lastKnownFileType = sourcecode.c.h; path = extra_recipe_utils.h; sourceTree = "<group>"; };
		12242AA420C1BAF300B28377 /* multipath_kfree.h */ = {isa = PBXFileReference; fileEncoding = 4; lastKnownFileType = sourcecode.c.h; path = multipath_kfree.h; sourceTree = "<group>"; };
		1260990720C2C9670095B5C1 /* QiLin.h */ = {isa = PBXFileReference; fileEncoding = 4; lastKnownFileType = sourcecode.c.h; path = QiLin.h; sourceTree = "<group>"; };
		1260990820C2C9670095B5C1 /* sha256.o */ = {isa = PBXFileReference; lastKnownFileType = "compiled.mach-o.objfile"; path = sha256.o; sourceTree = "<group>"; };
		1260990920C2C9670095B5C1 /* qilin_tfp0less.o */ = {isa = PBXFileReference; lastKnownFileType = "compiled.mach-o.objfile"; path = qilin_tfp0less.o; sourceTree = "<group>"; };
		1260990A20C2C9670095B5C1 /* sha1.o */ = {isa = PBXFileReference; lastKnownFileType = "compiled.mach-o.objfile"; path = sha1.o; sourceTree = "<group>"; };
		B0F37BBD1E361EAE00179E85 /* extra_recipe.app */ = {isa = PBXFileReference; explicitFileType = wrapper.application; includeInIndex = 0; path = extra_recipe.app; sourceTree = BUILT_PRODUCTS_DIR; };
		B0F37BC71E361EAE00179E85 /* Assets.xcassets */ = {isa = PBXFileReference; lastKnownFileType = folder.assetcatalog; path = Assets.xcassets; sourceTree = "<group>"; };
		B0F37BCC1E361EAE00179E85 /* Info.plist */ = {isa = PBXFileReference; lastKnownFileType = text.plist.xml; path = Info.plist; sourceTree = "<group>"; };
		B0F37BD31E361FCC00179E85 /* jailbreak.c */ = {isa = PBXFileReference; fileEncoding = 4; lastKnownFileType = sourcecode.c.c; path = jailbreak.c; sourceTree = "<group>"; };
		B0F37BDD1E37AC0700179E85 /* load_regs_and_crash.s */ = {isa = PBXFileReference; fileEncoding = 4; lastKnownFileType = sourcecode.asm; path = load_regs_and_crash.s; sourceTree = "<group>"; };
		EA052CE620C2E892000FB719 /* remountrootfs.c */ = {isa = PBXFileReference; lastKnownFileType = sourcecode.c.c; path = remountrootfs.c; sourceTree = "<group>"; };
		EA052CE720C2E892000FB719 /* remountrootfs.h */ = {isa = PBXFileReference; lastKnownFileType = sourcecode.c.h; path = remountrootfs.h; sourceTree = "<group>"; };
		EA052CED20C351B1000FB719 /* AppDelegate.h */ = {isa = PBXFileReference; lastKnownFileType = sourcecode.c.h; name = AppDelegate.h; path = ../test_kfree/extra_recipe/AppDelegate.h; sourceTree = SOURCE_ROOT; };
		EA052CEE20C351E4000FB719 /* AppDelegate.m */ = {isa = PBXFileReference; lastKnownFileType = sourcecode.c.objc; name = AppDelegate.m; path = ../test_kfree/extra_recipe/AppDelegate.m; sourceTree = SOURCE_ROOT; };
		EA052CEF20C351EE000FB719 /* ViewController.h */ = {isa = PBXFileReference; lastKnownFileType = sourcecode.c.h; name = ViewController.h; path = ../Desktop/XNUFuzzer/XNUFuzzer/Controllers/ViewController.h; sourceTree = SOURCE_ROOT; };
		EA052CF020C351F0000FB719 /* ViewController.m */ = {isa = PBXFileReference; lastKnownFileType = sourcecode.c.objc; name = ViewController.m; path = ../Desktop/XNUFuzzer/XNUFuzzer/Controllers/ViewController.m; sourceTree = SOURCE_ROOT; };
		EA05336420C2D554003D43FC /* offsets.m */ = {isa = PBXFileReference; lastKnownFileType = sourcecode.c.objc; path = offsets.m; sourceTree = "<group>"; };
		EA05336620C2D561003D43FC /* offsets.h */ = {isa = PBXFileReference; lastKnownFileType = sourcecode.c.h; path = offsets.h; sourceTree = "<group>"; };
		EA05336D20C2D561003D43FC /* Main.storyboard */ = {isa = PBXFileReference; lastKnownFileType = file.storyboard; name = Main.storyboard; path = extra_recipe/Main.storyboard; sourceTree = SOURCE_ROOT; };
		EA05336F20C2D561003D43FC /* LaunchScreen.storyboard */ = {isa = PBXFileReference; lastKnownFileType = file.storyboard; name = LaunchScreen.storyboard; path = extra_recipe/LaunchScreen.storyboard; sourceTree = SOURCE_ROOT; };
		EA05337120C2D561003D43FC /* main.m */ = {isa = PBXFileReference; fileEncoding = 4; lastKnownFileType = sourcecode.c.objc; path = main.m; sourceTree = "<group>"; };
		EA05337320C2D561003D43FC /* jailbreak.h */ = {isa = PBXFileReference; lastKnownFileType = sourcecode.c.h; path = jailbreak.h; sourceTree = "<group>"; };
		EA28DB0A20C585F1003372D6 /* iosbinpack64 */ = {isa = PBXFileReference; lastKnownFileType = folder; path = iosbinpack64; sourceTree = "<group>"; };
		EA28DB0C20C58808003372D6 /* libmtftp.dylib */ = {isa = PBXFileReference; lastKnownFileType = archive.ar; name = libmtftp.dylib; path = extra_recipe/libmtftp.dylib; sourceTree = "<group>"; };
		EA28DB0E20C588C3003372D6 /* pureftpd.h */ = {isa = PBXFileReference; lastKnownFileType = sourcecode.c.h; path = pureftpd.h; sourceTree = "<group>"; };
		EA28DB0F20C58932003372D6 /* libiconv.2.4.0.tbd */ = {isa = PBXFileReference; lastKnownFileType = "sourcecode.text-based-dylib-definition"; name = libiconv.2.4.0.tbd; path = usr/lib/libiconv.2.4.0.tbd; sourceTree = SDKROOT; };
/* End PBXFileReference section */

/* Begin PBXFrameworksBuildPhase section */
		B0F37BBA1E361EAD00179E85 /* Frameworks */ = {
			isa = PBXFrameworksBuildPhase;
			buildActionMask = 2147483647;
			files = (
				EA28DB1020C58932003372D6 /* libiconv.2.4.0.tbd in Frameworks */,
				EA28D8FC20C58441003372D6 /* qilin_tfp0less.o in Frameworks */,
				EA28D8FA20C58438003372D6 /* sha1.o in Frameworks */,
				EA28D8FB20C58438003372D6 /* sha256.o in Frameworks */,
				EA28DB0D20C58808003372D6 /* libmtftp.dylib in Frameworks */,
			);
			runOnlyForDeploymentPostprocessing = 0;
		};
/* End PBXFrameworksBuildPhase section */

/* Begin PBXGroup section */
		B0F37BB41E361EAD00179E85 = {
			isa = PBXGroup;
			children = (
				EA28DB0A20C585F1003372D6 /* iosbinpack64 */,
				B0F37BBF1E361EAE00179E85 /* extra_recipe */,
				B0F37BBE1E361EAE00179E85 /* Products */,
				EA28D8F920C58438003372D6 /* Frameworks */,
			);
			sourceTree = "<group>";
		};
		B0F37BBE1E361EAE00179E85 /* Products */ = {
			isa = PBXGroup;
			children = (
				B0F37BBD1E361EAE00179E85 /* extra_recipe.app */,
			);
			name = Products;
			sourceTree = "<group>";
		};
		B0F37BBF1E361EAE00179E85 /* extra_recipe */ = {
			isa = PBXGroup;
			children = (
				EA91EEA420C35293008E3C7A /* Logic */,
				EA052CEA20C351A7000FB719 /* Controllers */,
				EA052CF420C35249000FB719 /* Views */,
				EA052CF320C3522D000FB719 /* Assets */,
				EA05337120C2D561003D43FC /* main.m */,
			);
			path = extra_recipe;
			sourceTree = "<group>";
		};
		EA052CEA20C351A7000FB719 /* Controllers */ = {
			isa = PBXGroup;
			children = (
				EA052CED20C351B1000FB719 /* AppDelegate.h */,
				EA052CEE20C351E4000FB719 /* AppDelegate.m */,
				EA052CEF20C351EE000FB719 /* ViewController.h */,
				EA052CF020C351F0000FB719 /* ViewController.m */,
			);
			name = Controllers;
			sourceTree = "<group>";
		};
		EA052CF320C3522D000FB719 /* Assets */ = {
			isa = PBXGroup;
			children = (
				EA91EEA920C352DC008E3C7A /* Linkerfiles */,
				B0F37BC71E361EAE00179E85 /* Assets.xcassets */,
				12242A8A20C1B84900B28377 /* extra_recipe.entitlements */,
				B0F37BCC1E361EAE00179E85 /* Info.plist */,
			);
			name = Assets;
			sourceTree = "<group>";
		};
		EA052CF420C35249000FB719 /* Views */ = {
			isa = PBXGroup;
			children = (
				EA05336D20C2D561003D43FC /* Main.storyboard */,
				EA05336F20C2D561003D43FC /* LaunchScreen.storyboard */,
			);
			name = Views;
			sourceTree = "<group>";
		};
		EA28D8F920C58438003372D6 /* Frameworks */ = {
			isa = PBXGroup;
			children = (
				EA28DB0F20C58932003372D6 /* libiconv.2.4.0.tbd */,
				EA28DB0C20C58808003372D6 /* libmtftp.dylib */,
			);
			name = Frameworks;
			sourceTree = "<group>";
		};
		EA91EEA420C35293008E3C7A /* Logic */ = {
			isa = PBXGroup;
			children = (
				EA91EEAA20C35307008E3C7A /* PostExploit */,
				EA91EEA820C352C9008E3C7A /* Services */,
				EA91EEA520C352A3008E3C7A /* Utils */,
				EA91EEA620C352A9008E3C7A /* Exploit */,
				EA91EEA720C352B8008E3C7A /* KernelDebugger */,
			);
			name = Logic;
			sourceTree = "<group>";
		};
		EA91EEA520C352A3008E3C7A /* Utils */ = {
			isa = PBXGroup;
			children = (
				12242AA320C1BAF300B28377 /* extra_recipe_utils.h */,
				12242AA220C1BAF300B28377 /* extra_recipe_utils.c */,
			);
			name = Utils;
			sourceTree = "<group>";
		};
		EA91EEA620C352A9008E3C7A /* Exploit */ = {
			isa = PBXGroup;
			children = (
				EA05336620C2D561003D43FC /* offsets.h */,
				EA05336420C2D554003D43FC /* offsets.m */,
				12242AA420C1BAF300B28377 /* multipath_kfree.h */,
				12242AA120C1BAF300B28377 /* multipath_kfree.c */,
				EA28DB0E20C588C3003372D6 /* pureftpd.h */,
				EA05337320C2D561003D43FC /* jailbreak.h */,
				B0F37BD31E361FCC00179E85 /* jailbreak.c */,
				B0F37BDD1E37AC0700179E85 /* load_regs_and_crash.s */,
			);
			name = Exploit;
			sourceTree = "<group>";
		};
		EA91EEA720C352B8008E3C7A /* KernelDebugger */ = {
			isa = PBXGroup;
			children = (
			);
			name = KernelDebugger;
			sourceTree = "<group>";
		};
		EA91EEA820C352C9008E3C7A /* Services */ = {
			isa = PBXGroup;
			children = (
			);
			name = Services;
			sourceTree = "<group>";
		};
		EA91EEA920C352DC008E3C7A /* Linkerfiles */ = {
			isa = PBXGroup;
			children = (
				1260990920C2C9670095B5C1 /* qilin_tfp0less.o */,
				1260990A20C2C9670095B5C1 /* sha1.o */,
				1260990820C2C9670095B5C1 /* sha256.o */,
			);
			name = Linkerfiles;
			sourceTree = "<group>";
		};
		EA91EEAA20C35307008E3C7A /* PostExploit */ = {
			isa = PBXGroup;
			children = (
				1260990720C2C9670095B5C1 /* QiLin.h */,
				EA052CE720C2E892000FB719 /* remountrootfs.h */,
				EA052CE620C2E892000FB719 /* remountrootfs.c */,
			);
			name = PostExploit;
			sourceTree = "<group>";
		};
/* End PBXGroup section */

/* Begin PBXNativeTarget section */
		B0F37BBC1E361EAD00179E85 /* extra_recipe */ = {
			isa = PBXNativeTarget;
			buildConfigurationList = B0F37BCF1E361EAE00179E85 /* Build configuration list for PBXNativeTarget "extra_recipe" */;
			buildPhases = (
				B0F37BB91E361EAD00179E85 /* Sources */,
				B0F37BBA1E361EAD00179E85 /* Frameworks */,
				B0F37BBB1E361EAD00179E85 /* Resources */,
			);
			buildRules = (
			);
			dependencies = (
			);
			name = extra_recipe;
			productName = extra_recipe;
			productReference = B0F37BBD1E361EAE00179E85 /* extra_recipe.app */;
			productType = "com.apple.product-type.application";
		};
/* End PBXNativeTarget section */

/* Begin PBXProject section */
		B0F37BB51E361EAD00179E85 /* Project object */ = {
			isa = PBXProject;
			attributes = {
				LastSwiftUpdateCheck = 0810;
				LastUpgradeCheck = 0930;
				ORGANIZATIONNAME = "Ian Beer";
				TargetAttributes = {
					B0F37BBC1E361EAD00179E85 = {
						CreatedOnToolsVersion = 8.1;
						DevelopmentTeam = 376SZ86J7X;
						LastSwiftMigration = 0810;
						ProvisioningStyle = Automatic;
						SystemCapabilities = {
							com.apple.Multipath = {
								enabled = 1;
							};
						};
					};
				};
			};
			buildConfigurationList = B0F37BB81E361EAD00179E85 /* Build configuration list for PBXProject "extra_recipe_extra_extra_bug" */;
			compatibilityVersion = "Xcode 3.2";
			developmentRegion = English;
			hasScannedForEncodings = 0;
			knownRegions = (
				en,
				Base,
			);
			mainGroup = B0F37BB41E361EAD00179E85;
			productRefGroup = B0F37BBE1E361EAE00179E85 /* Products */;
			projectDirPath = "";
			projectRoot = "";
			targets = (
				B0F37BBC1E361EAD00179E85 /* extra_recipe */,
			);
		};
/* End PBXProject section */

/* Begin PBXResourcesBuildPhase section */
		B0F37BBB1E361EAD00179E85 /* Resources */ = {
			isa = PBXResourcesBuildPhase;
			buildActionMask = 2147483647;
			files = (
				EA05336E20C2D561003D43FC /* Main.storyboard in Resources */,
				EA28DB0B20C585F1003372D6 /* iosbinpack64 in Resources */,
				EA05337020C2D561003D43FC /* LaunchScreen.storyboard in Resources */,
				B0F37BC81E361EAE00179E85 /* Assets.xcassets in Resources */,
			);
			runOnlyForDeploymentPostprocessing = 0;
		};
/* End PBXResourcesBuildPhase section */

/* Begin PBXSourcesBuildPhase section */
		B0F37BB91E361EAD00179E85 /* Sources */ = {
			isa = PBXSourcesBuildPhase;
			buildActionMask = 2147483647;
			files = (
				12242AA620C1BAF400B28377 /* extra_recipe_utils.c in Sources */,
				B0F37BDE1E37AC0700179E85 /* load_regs_and_crash.s in Sources */,
				EA052CF220C3520A000FB719 /* AppDelegate.m in Sources */,
				EA052CF120C35200000FB719 /* ViewController.m in Sources */,
				EA052CE820C2E892000FB719 /* remountrootfs.c in Sources */,
				B0F37BD51E361FCC00179E85 /* jailbreak.c in Sources */,
				12242AA520C1BAF400B28377 /* multipath_kfree.c in Sources */,
				EA05337220C2D561003D43FC /* main.m in Sources */,
				EA05336520C2D554003D43FC /* offsets.m in Sources */,
			);
			runOnlyForDeploymentPostprocessing = 0;
		};
/* End PBXSourcesBuildPhase section */

/* Begin XCBuildConfiguration section */
		B0F37BCD1E361EAE00179E85 /* Debug */ = {
			isa = XCBuildConfiguration;
			buildSettings = {
				ALWAYS_SEARCH_USER_PATHS = NO;
				CLANG_ANALYZER_NONNULL = YES;
				CLANG_CXX_LANGUAGE_STANDARD = "gnu++0x";
				CLANG_CXX_LIBRARY = "libc++";
				CLANG_ENABLE_MODULES = YES;
				CLANG_ENABLE_OBJC_ARC = YES;
				CLANG_WARN_BLOCK_CAPTURE_AUTORELEASING = YES;
				CLANG_WARN_BOOL_CONVERSION = YES;
				CLANG_WARN_COMMA = YES;
				CLANG_WARN_CONSTANT_CONVERSION = YES;
				CLANG_WARN_DEPRECATED_OBJC_IMPLEMENTATIONS = YES;
				CLANG_WARN_DIRECT_OBJC_ISA_USAGE = YES_ERROR;
				CLANG_WARN_DOCUMENTATION_COMMENTS = YES;
				CLANG_WARN_EMPTY_BODY = YES;
				CLANG_WARN_ENUM_CONVERSION = YES;
				CLANG_WARN_INFINITE_RECURSION = YES;
				CLANG_WARN_INT_CONVERSION = YES;
				CLANG_WARN_NON_LITERAL_NULL_CONVERSION = YES;
				CLANG_WARN_OBJC_IMPLICIT_RETAIN_SELF = YES;
				CLANG_WARN_OBJC_LITERAL_CONVERSION = YES;
				CLANG_WARN_OBJC_ROOT_CLASS = YES_ERROR;
				CLANG_WARN_RANGE_LOOP_ANALYSIS = YES;
				CLANG_WARN_STRICT_PROTOTYPES = YES;
				CLANG_WARN_SUSPICIOUS_MOVE = YES;
				CLANG_WARN_SUSPICIOUS_MOVES = YES;
				CLANG_WARN_UNREACHABLE_CODE = YES;
				CLANG_WARN__DUPLICATE_METHOD_MATCH = YES;
				"CODE_SIGN_IDENTITY[sdk=iphoneos*]" = "iPhone Developer";
				COPY_PHASE_STRIP = NO;
				DEBUG_INFORMATION_FORMAT = dwarf;
				ENABLE_BITCODE = NO;
				ENABLE_STRICT_OBJC_MSGSEND = YES;
				ENABLE_TESTABILITY = YES;
				GCC_C_LANGUAGE_STANDARD = gnu99;
				GCC_DYNAMIC_NO_PIC = NO;
				GCC_NO_COMMON_BLOCKS = YES;
				GCC_OPTIMIZATION_LEVEL = 0;
				GCC_PREPROCESSOR_DEFINITIONS = (
					"DEBUG=1",
					"$(inherited)",
				);
				GCC_WARN_64_TO_32_BIT_CONVERSION = YES;
				GCC_WARN_ABOUT_RETURN_TYPE = YES_ERROR;
				GCC_WARN_UNDECLARED_SELECTOR = YES;
				GCC_WARN_UNINITIALIZED_AUTOS = YES_AGGRESSIVE;
				GCC_WARN_UNUSED_FUNCTION = YES;
				GCC_WARN_UNUSED_VARIABLE = YES;
				IPHONEOS_DEPLOYMENT_TARGET = 10.1;
				MTL_ENABLE_DEBUG_INFO = YES;
				ONLY_ACTIVE_ARCH = YES;
				SDKROOT = iphoneos;
				SWIFT_ACTIVE_COMPILATION_CONDITIONS = DEBUG;
				SWIFT_OPTIMIZATION_LEVEL = "-Onone";
				TARGETED_DEVICE_FAMILY = "1,2";
				VALID_ARCHS = "armv7 armv7s arm64";
			};
			name = Debug;
		};
		B0F37BCE1E361EAE00179E85 /* Release */ = {
			isa = XCBuildConfiguration;
			buildSettings = {
				ALWAYS_SEARCH_USER_PATHS = NO;
				CLANG_ANALYZER_NONNULL = YES;
				CLANG_CXX_LANGUAGE_STANDARD = "gnu++0x";
				CLANG_CXX_LIBRARY = "libc++";
				CLANG_ENABLE_MODULES = YES;
				CLANG_ENABLE_OBJC_ARC = YES;
				CLANG_WARN_BLOCK_CAPTURE_AUTORELEASING = YES;
				CLANG_WARN_BOOL_CONVERSION = YES;
				CLANG_WARN_COMMA = YES;
				CLANG_WARN_CONSTANT_CONVERSION = YES;
				CLANG_WARN_DEPRECATED_OBJC_IMPLEMENTATIONS = YES;
				CLANG_WARN_DIRECT_OBJC_ISA_USAGE = YES_ERROR;
				CLANG_WARN_DOCUMENTATION_COMMENTS = YES;
				CLANG_WARN_EMPTY_BODY = YES;
				CLANG_WARN_ENUM_CONVERSION = YES;
				CLANG_WARN_INFINITE_RECURSION = YES;
				CLANG_WARN_INT_CONVERSION = YES;
				CLANG_WARN_NON_LITERAL_NULL_CONVERSION = YES;
				CLANG_WARN_OBJC_IMPLICIT_RETAIN_SELF = YES;
				CLANG_WARN_OBJC_LITERAL_CONVERSION = YES;
				CLANG_WARN_OBJC_ROOT_CLASS = YES_ERROR;
				CLANG_WARN_RANGE_LOOP_ANALYSIS = YES;
				CLANG_WARN_STRICT_PROTOTYPES = YES;
				CLANG_WARN_SUSPICIOUS_MOVE = YES;
				CLANG_WARN_SUSPICIOUS_MOVES = YES;
				CLANG_WARN_UNREACHABLE_CODE = YES;
				CLANG_WARN__DUPLICATE_METHOD_MATCH = YES;
				"CODE_SIGN_IDENTITY[sdk=iphoneos*]" = "iPhone Developer";
				COPY_PHASE_STRIP = NO;
				DEBUG_INFORMATION_FORMAT = "dwarf-with-dsym";
				ENABLE_BITCODE = NO;
				ENABLE_NS_ASSERTIONS = NO;
				ENABLE_STRICT_OBJC_MSGSEND = YES;
				GCC_C_LANGUAGE_STANDARD = gnu99;
				GCC_NO_COMMON_BLOCKS = YES;
				GCC_OPTIMIZATION_LEVEL = 0;
				GCC_WARN_64_TO_32_BIT_CONVERSION = YES;
				GCC_WARN_ABOUT_RETURN_TYPE = YES_ERROR;
				GCC_WARN_UNDECLARED_SELECTOR = YES;
				GCC_WARN_UNINITIALIZED_AUTOS = YES_AGGRESSIVE;
				GCC_WARN_UNUSED_FUNCTION = YES;
				GCC_WARN_UNUSED_VARIABLE = YES;
				IPHONEOS_DEPLOYMENT_TARGET = 10.1;
				MTL_ENABLE_DEBUG_INFO = NO;
				ONLY_ACTIVE_ARCH = YES;
				SDKROOT = iphoneos;
				SWIFT_OPTIMIZATION_LEVEL = "-Owholemodule";
				TARGETED_DEVICE_FAMILY = "1,2";
				VALIDATE_PRODUCT = YES;
				VALID_ARCHS = "armv7 armv7s arm64";
			};
			name = Release;
		};
		B0F37BD01E361EAE00179E85 /* Debug */ = {
			isa = XCBuildConfiguration;
			buildSettings = {
				ASSETCATALOG_COMPILER_APPICON_NAME = AppIcon;
				CLANG_ENABLE_MODULES = YES;
				CODE_SIGN_ENTITLEMENTS = extra_recipe/extra_recipe.entitlements;
				DEVELOPMENT_TEAM = 376SZ86J7X;
				INFOPLIST_FILE = extra_recipe/Info.plist;
				LD_RUNPATH_SEARCH_PATHS = "$(inherited) @executable_path/Frameworks";
				LIBRARY_SEARCH_PATHS = (
					"$(inherited)",
					"$(PROJECT_DIR)/extra_recipe",
				);
				OTHER_LDFLAGS = (
					"-framework",
					IOKit,
					"-pagezero_size",
					0x16000,
				);
				PRODUCT_BUNDLE_IDENTIFIER = ml.jailed.jailbreak113;
				PRODUCT_NAME = "$(TARGET_NAME)";
				SWIFT_OBJC_BRIDGING_HEADER = "extra_recipe/extra_recipe-Bridging-Header.h";
				SWIFT_OPTIMIZATION_LEVEL = "-Onone";
				SWIFT_VERSION = 3.0;
			};
			name = Debug;
		};
		B0F37BD11E361EAE00179E85 /* Release */ = {
			isa = XCBuildConfiguration;
			buildSettings = {
				ASSETCATALOG_COMPILER_APPICON_NAME = AppIcon;
				CLANG_ENABLE_MODULES = YES;
				CODE_SIGN_ENTITLEMENTS = extra_recipe/extra_recipe.entitlements;
				DEVELOPMENT_TEAM = 376SZ86J7X;
				INFOPLIST_FILE = extra_recipe/Info.plist;
				LD_RUNPATH_SEARCH_PATHS = "$(inherited) @executable_path/Frameworks";
				LIBRARY_SEARCH_PATHS = (
					"$(inherited)",
					"$(PROJECT_DIR)/extra_recipe",
				);
				OTHER_LDFLAGS = (
					"-framework",
					IOKit,
					"-pagezero_size",
					0x16000,
				);
				PRODUCT_BUNDLE_IDENTIFIER = ml.jailed.jailbreak113;
				PRODUCT_NAME = "$(TARGET_NAME)";
				SWIFT_OBJC_BRIDGING_HEADER = "extra_recipe/extra_recipe-Bridging-Header.h";
				SWIFT_VERSION = 3.0;
			};
			name = Release;
		};
/* End XCBuildConfiguration section */

/* Begin XCConfigurationList section */
		B0F37BB81E361EAD00179E85 /* Build configuration list for PBXProject "extra_recipe_extra_extra_bug" */ = {
			isa = XCConfigurationList;
			buildConfigurations = (
				B0F37BCD1E361EAE00179E85 /* Debug */,
				B0F37BCE1E361EAE00179E85 /* Release */,
			);
			defaultConfigurationIsVisible = 0;
			defaultConfigurationName = Release;
		};
		B0F37BCF1E361EAE00179E85 /* Build configuration list for PBXNativeTarget "extra_recipe" */ = {
			isa = XCConfigurationList;
			buildConfigurations = (
				B0F37BD01E361EAE00179E85 /* Debug */,
				B0F37BD11E361EAE00179E85 /* Release */,
			);
			defaultConfigurationIsVisible = 0;
			defaultConfigurationName = Release;
		};
/* End XCConfigurationList section */
	};
	rootObject = B0F37BB51E361EAD00179E85 /* Project object */;
}
